{
  "name": "model-2",
  "lockfileVersion": 3,
  "requires": true,
  "packages": {
    "": {
      "dependencies": {
        "@svg-maps/india": "^2.0.0"
      }
    },
    "node_modules/@svg-maps/india": {
      "version": "2.0.0",
      "resolved": "https://registry.npmjs.org/@svg-maps/india/-/india-2.0.0.tgz",
      "integrity": "sha512-2v47x6L9bAzIJlcUtk4AxKyr94gjFiK/vcF4JMdO+1T8BHvt6pcJbr5sSzoEOzMRN7wxYxOZYNmw3rH5bwGd5w==",
      "license": "CC-BY-4.0"
    }
  }
}
